
Microsoft Visual Studio Solution File, Format Version 12.00
# Visual Studio Version 17
VisualStudioVersion = 17.14.36203.30
MinimumVisualStudioVersion = 10.0.40219.1
Project("{FAE04EC0-301F-11D3-BF4B-00C04F79EFBC}") = "BackRun", "src\BackRun\BackRun.csproj", "{4FC19938-7B07-4EC4-ACE9-71506745F597}"
EndProject
Project("{FAE04EC0-301F-11D3-BF4B-00C04F79EFBC}") = "BackRun.Abstractions", "src\BackRun.Abstractions\BackRun.Abstractions.csproj", "{D45F41E3-4B4D-438D-8071-12558C22B774}"
EndProject
Project("{FAE04EC0-301F-11D3-BF4B-00C04F79EFBC}") = "BackRun.Storage.InMemory", "src\BackRun.Storage.InMemory\BackRun.Storage.InMemory.csproj", "{DC78195A-ADE6-4075-8B6F-F839214D3A7C}"
EndProject
Project("{2150E333-8FDC-42A3-9474-1A3956D46DE8}") = "Storage", "Storage", "{E1196184-5E48-4030-B8EF-7B6DB10ED7C5}"
EndProject
Project("{2150E333-8FDC-42A3-9474-1A3956D46DE8}") = "Solution Items", "Solution Items", "{0BF06D31-B712-49C5-A792-F6A24EDD7BFF}"
	ProjectSection(SolutionItems) = preProject
		LICENSE = LICENSE
		README.md = README.md
		Directory.Build.props = Directory.Build.props
		Directory.Packages.props = Directory.Packages.props
	EndProjectSection
EndProject
Project("{FAE04EC0-301F-11D3-BF4B-00C04F79EFBC}") = "BackRun.Storage.Json", "src\BackRun.Storage.Json\BackRun.Storage.Json.csproj", "{322EC13F-B29C-44B9-B8C7-F7FF8913C6A5}"
EndProject
Project("{FAE04EC0-301F-11D3-BF4B-00C04F79EFBC}") = "BackRun.Resilience", "src\BackRun.Resilience\BackRun.Resilience.csproj", "{BAB58638-C60B-4DDF-8041-827FB3B49236}"
EndProject
Global
	GlobalSection(SolutionConfigurationPlatforms) = preSolution
		Debug|Any CPU = Debug|Any CPU
		Release|Any CPU = Release|Any CPU
	EndGlobalSection
	GlobalSection(ProjectConfigurationPlatforms) = postSolution
		{4FC19938-7B07-4EC4-ACE9-71506745F597}.Debug|Any CPU.ActiveCfg = Debug|Any CPU
		{4FC19938-7B07-4EC4-ACE9-71506745F597}.Debug|Any CPU.Build.0 = Debug|Any CPU
		{4FC19938-7B07-4EC4-ACE9-71506745F597}.Release|Any CPU.ActiveCfg = Release|Any CPU
		{4FC19938-7B07-4EC4-ACE9-71506745F597}.Release|Any CPU.Build.0 = Release|Any CPU
		{D45F41E3-4B4D-438D-8071-12558C22B774}.Debug|Any CPU.ActiveCfg = Debug|Any CPU
		{D45F41E3-4B4D-438D-8071-12558C22B774}.Debug|Any CPU.Build.0 = Debug|Any CPU
		{D45F41E3-4B4D-438D-8071-12558C22B774}.Release|Any CPU.ActiveCfg = Release|Any CPU
		{D45F41E3-4B4D-438D-8071-12558C22B774}.Release|Any CPU.Build.0 = Release|Any CPU
		{DC78195A-ADE6-4075-8B6F-F839214D3A7C}.Debug|Any CPU.ActiveCfg = Debug|Any CPU
		{DC78195A-ADE6-4075-8B6F-F839214D3A7C}.Debug|Any CPU.Build.0 = Debug|Any CPU
		{DC78195A-ADE6-4075-8B6F-F839214D3A7C}.Release|Any CPU.ActiveCfg = Release|Any CPU
		{DC78195A-ADE6-4075-8B6F-F839214D3A7C}.Release|Any CPU.Build.0 = Release|Any CPU
		{322EC13F-B29C-44B9-B8C7-F7FF8913C6A5}.Debug|Any CPU.ActiveCfg = Debug|Any CPU
		{322EC13F-B29C-44B9-B8C7-F7FF8913C6A5}.Debug|Any CPU.Build.0 = Debug|Any CPU
		{322EC13F-B29C-44B9-B8C7-F7FF8913C6A5}.Release|Any CPU.ActiveCfg = Release|Any CPU
		{322EC13F-B29C-44B9-B8C7-F7FF8913C6A5}.Release|Any CPU.Build.0 = Release|Any CPU
		{BAB58638-C60B-4DDF-8041-827FB3B49236}.Debug|Any CPU.ActiveCfg = Debug|Any CPU
		{BAB58638-C60B-4DDF-8041-827FB3B49236}.Debug|Any CPU.Build.0 = Debug|Any CPU
		{BAB58638-C60B-4DDF-8041-827FB3B49236}.Release|Any CPU.ActiveCfg = Release|Any CPU
		{BAB58638-C60B-4DDF-8041-827FB3B49236}.Release|Any CPU.Build.0 = Release|Any CPU
	EndGlobalSection
	GlobalSection(SolutionProperties) = preSolution
		HideSolutionNode = FALSE
	EndGlobalSection
	GlobalSection(ExtensibilityGlobals) = postSolution
		SolutionGuid = {154EAB86-433F-4C7D-8F24-4BF2B3B0C5D4}
	EndGlobalSection
	GlobalSection(NestedProjects) = preSolution
		{DC78195A-ADE6-4075-8B6F-F839214D3A7C} = {E1196184-5E48-4030-B8EF-7B6DB10ED7C5}
		{322EC13F-B29C-44B9-B8C7-F7FF8913C6A5} = {E1196184-5E48-4030-B8EF-7B6DB10ED7C5}
	EndGlobalSection
EndGlobal
